
Microsoft Visual Studio Solution File, Format Version 10.00
# Visual Studio 2008
Project("{FAE04EC0-301F-11D3-BF4B-00C04F79EFBC}") = "PidsRename", "PidsRename\PidsRename.csproj", "{A906FE2C-1D82-403D-B834-BE0AA65526B8}"
EndProject
Global
	GlobalSection(SolutionConfigurationPlatforms) = preSolution
		Debug|Any CPU = Debug|Any CPU
		Release|Any CPU = Release|Any CPU
	EndGlobalSection
	GlobalSection(ProjectConfigurationPlatforms) = postSolution
		{A906FE2C-1D82-403D-B834-BE0AA65526B8}.Debug|Any CPU.ActiveCfg = Debug|Any CPU
		{A906FE2C-1D82-403D-B834-BE0AA65526B8}.Debug|Any CPU.Build.0 = Debug|Any CPU
		{A906FE2C-1D82-403D-B834-BE0AA65526B8}.Release|Any CPU.ActiveCfg = Release|Any CPU
		{A906FE2C-1D82-403D-B834-BE0AA65526B8}.Release|Any CPU.Build.0 = Release|Any CPU
	EndGlobalSection
	GlobalSection(SolutionProperties) = preSolution
		HideSolutionNode = FALSE
	EndGlobalSection
EndGlobal
